// !$*UTF8*$!
{
	archiveVersion = 1;
	classes = {
	};
	objectVersion = 46;
	objects = {

/* Begin PBXAggregateTarget section */
		"CryptoSwift::CryptoSwiftPackageTests::ProductTarget" /* CryptoSwiftPackageTests */ = {
			isa = PBXAggregateTarget;
			buildConfigurationList = OBJ_190 /* Build configuration list for PBXAggregateTarget "CryptoSwiftPackageTests" */;
			buildPhases = (
			);
			dependencies = (
				OBJ_193 /* PBXTargetDependency */,
			);
			name = CryptoSwiftPackageTests;
			productName = CryptoSwiftPackageTests;
		};
/* End PBXAggregateTarget section */

/* Begin PBXBuildFile section */
		OBJ_105 /* AESTests.swift in Sources */ = {isa = PBXBuildFile; fileRef = OBJ_76 /* AESTests.swift */; };
		OBJ_106 /* Access.swift in Sources */ = {isa = PBXBuildFile; fileRef = OBJ_77 /* Access.swift */; };
		OBJ_107 /* BlowfishTests.swift in Sources */ = {isa = PBXBuildFile; fileRef = OBJ_78 /* BlowfishTests.swift */; };
		OBJ_108 /* ChaCha20Tests.swift in Sources */ = {isa = PBXBuildFile; fileRef = OBJ_79 /* ChaCha20Tests.swift */; };
		OBJ_109 /* DigestTests.swift in Sources */ = {isa = PBXBuildFile; fileRef = OBJ_80 /* DigestTests.swift */; };
		OBJ_110 /* Error+Extension.swift in Sources */ = {isa = PBXBuildFile; fileRef = OBJ_81 /* Error+Extension.swift */; };
		OBJ_111 /* ExtensionsTest.swift in Sources */ = {isa = PBXBuildFile; fileRef = OBJ_82 /* ExtensionsTest.swift */; };
		OBJ_112 /* HMACTests.swift in Sources */ = {isa = PBXBuildFile; fileRef = OBJ_83 /* HMACTests.swift */; };
		OBJ_113 /* PBKDF.swift in Sources */ = {isa = PBXBuildFile; fileRef = OBJ_84 /* PBKDF.swift */; };
		OBJ_114 /* PaddingTests.swift in Sources */ = {isa = PBXBuildFile; fileRef = OBJ_85 /* PaddingTests.swift */; };
		OBJ_115 /* Poly1305Tests.swift in Sources */ = {isa = PBXBuildFile; fileRef = OBJ_86 /* Poly1305Tests.swift */; };
		OBJ_116 /* RabbitTests.swift in Sources */ = {isa = PBXBuildFile; fileRef = OBJ_87 /* RabbitTests.swift */; };
		OBJ_117 /* RandomBytesSequenceTests.swift in Sources */ = {isa = PBXBuildFile; fileRef = OBJ_88 /* RandomBytesSequenceTests.swift */; };
		OBJ_119 /* CryptoSwift.framework in Frameworks */ = {isa = PBXBuildFile; fileRef = "CryptoSwift::CryptoSwift::Product" /* CryptoSwift.framework */; };
		OBJ_126 /* AES.swift in Sources */ = {isa = PBXBuildFile; fileRef = OBJ_9 /* AES.swift */; };
		OBJ_127 /* Array+Extension.swift in Sources */ = {isa = PBXBuildFile; fileRef = OBJ_10 /* Array+Extension.swift */; };
		OBJ_128 /* Array+Extensions.swift in Sources */ = {isa = PBXBuildFile; fileRef = OBJ_11 /* Array+Extensions.swift */; };
		OBJ_129 /* Authenticator.swift in Sources */ = {isa = PBXBuildFile; fileRef = OBJ_12 /* Authenticator.swift */; };
		OBJ_130 /* BatchedCollection.swift in Sources */ = {isa = PBXBuildFile; fileRef = OBJ_13 /* BatchedCollection.swift */; };
		OBJ_131 /* Bit.swift in Sources */ = {isa = PBXBuildFile; fileRef = OBJ_14 /* Bit.swift */; };
		OBJ_132 /* BlockCipher.swift in Sources */ = {isa = PBXBuildFile; fileRef = OBJ_15 /* BlockCipher.swift */; };
		OBJ_133 /* BlockMode.swift in Sources */ = {isa = PBXBuildFile; fileRef = OBJ_17 /* BlockMode.swift */; };
		OBJ_134 /* BlockModeOptions.swift in Sources */ = {isa = PBXBuildFile; fileRef = OBJ_18 /* BlockModeOptions.swift */; };
		OBJ_135 /* BlockModeWorker.swift in Sources */ = {isa = PBXBuildFile; fileRef = OBJ_19 /* BlockModeWorker.swift */; };
		OBJ_136 /* CBC.swift in Sources */ = {isa = PBXBuildFile; fileRef = OBJ_20 /* CBC.swift */; };
		OBJ_137 /* CFB.swift in Sources */ = {isa = PBXBuildFile; fileRef = OBJ_21 /* CFB.swift */; };
		OBJ_138 /* CTR.swift in Sources */ = {isa = PBXBuildFile; fileRef = OBJ_22 /* CTR.swift */; };
		OBJ_139 /* ECB.swift in Sources */ = {isa = PBXBuildFile; fileRef = OBJ_23 /* ECB.swift */; };
		OBJ_140 /* OFB.swift in Sources */ = {isa = PBXBuildFile; fileRef = OBJ_24 /* OFB.swift */; };
		OBJ_141 /* PCBC.swift in Sources */ = {isa = PBXBuildFile; fileRef = OBJ_25 /* PCBC.swift */; };
		OBJ_142 /* RandomAccessBlockModeWorker.swift in Sources */ = {isa = PBXBuildFile; fileRef = OBJ_26 /* RandomAccessBlockModeWorker.swift */; };
		OBJ_143 /* Blowfish.swift in Sources */ = {isa = PBXBuildFile; fileRef = OBJ_27 /* Blowfish.swift */; };
		OBJ_144 /* ChaCha20.swift in Sources */ = {isa = PBXBuildFile; fileRef = OBJ_28 /* ChaCha20.swift */; };
		OBJ_145 /* Checksum.swift in Sources */ = {isa = PBXBuildFile; fileRef = OBJ_29 /* Checksum.swift */; };
		OBJ_146 /* Cipher.swift in Sources */ = {isa = PBXBuildFile; fileRef = OBJ_30 /* Cipher.swift */; };
		OBJ_147 /* Collection+Extension.swift in Sources */ = {isa = PBXBuildFile; fileRef = OBJ_31 /* Collection+Extension.swift */; };
		OBJ_148 /* Cryptors.swift in Sources */ = {isa = PBXBuildFile; fileRef = OBJ_32 /* Cryptors.swift */; };
		OBJ_149 /* Digest.swift in Sources */ = {isa = PBXBuildFile; fileRef = OBJ_33 /* Digest.swift */; };
		OBJ_150 /* DigestType.swift in Sources */ = {isa = PBXBuildFile; fileRef = OBJ_34 /* DigestType.swift */; };
		OBJ_151 /* AES+Foundation.swift in Sources */ = {isa = PBXBuildFile; fileRef = OBJ_36 /* AES+Foundation.swift */; };
		OBJ_152 /* Array+Foundation.swift in Sources */ = {isa = PBXBuildFile; fileRef = OBJ_37 /* Array+Foundation.swift */; };
		OBJ_153 /* Blowfish+Foundation.swift in Sources */ = {isa = PBXBuildFile; fileRef = OBJ_38 /* Blowfish+Foundation.swift */; };
		OBJ_154 /* ChaCha20+Foundation.swift in Sources */ = {isa = PBXBuildFile; fileRef = OBJ_39 /* ChaCha20+Foundation.swift */; };
		OBJ_155 /* Data+Extension.swift in Sources */ = {isa = PBXBuildFile; fileRef = OBJ_40 /* Data+Extension.swift */; };
		OBJ_156 /* HMAC+Foundation.swift in Sources */ = {isa = PBXBuildFile; fileRef = OBJ_41 /* HMAC+Foundation.swift */; };
		OBJ_157 /* Rabbit+Foundation.swift in Sources */ = {isa = PBXBuildFile; fileRef = OBJ_42 /* Rabbit+Foundation.swift */; };
		OBJ_158 /* String+FoundationExtension.swift in Sources */ = {isa = PBXBuildFile; fileRef = OBJ_43 /* String+FoundationExtension.swift */; };
		OBJ_159 /* Utils+Foundation.swift in Sources */ = {isa = PBXBuildFile; fileRef = OBJ_44 /* Utils+Foundation.swift */; };
		OBJ_160 /* Generics.swift in Sources */ = {isa = PBXBuildFile; fileRef = OBJ_45 /* Generics.swift */; };
		OBJ_161 /* HMAC.swift in Sources */ = {isa = PBXBuildFile; fileRef = OBJ_46 /* HMAC.swift */; };
		OBJ_162 /* Int+Extension.swift in Sources */ = {isa = PBXBuildFile; fileRef = OBJ_47 /* Int+Extension.swift */; };
		OBJ_163 /* MD5.swift in Sources */ = {isa = PBXBuildFile; fileRef = OBJ_48 /* MD5.swift */; };
		OBJ_164 /* NoPadding.swift in Sources */ = {isa = PBXBuildFile; fileRef = OBJ_49 /* NoPadding.swift */; };
		OBJ_165 /* Operators.swift in Sources */ = {isa = PBXBuildFile; fileRef = OBJ_50 /* Operators.swift */; };
		OBJ_166 /* PBKDF1.swift in Sources */ = {isa = PBXBuildFile; fileRef = OBJ_52 /* PBKDF1.swift */; };
		OBJ_167 /* PBKDF2.swift in Sources */ = {isa = PBXBuildFile; fileRef = OBJ_53 /* PBKDF2.swift */; };
		OBJ_168 /* PKCS5.swift in Sources */ = {isa = PBXBuildFile; fileRef = OBJ_54 /* PKCS5.swift */; };
		OBJ_169 /* PKCS7.swift in Sources */ = {isa = PBXBuildFile; fileRef = OBJ_55 /* PKCS7.swift */; };
		OBJ_170 /* PKCS7Padding.swift in Sources */ = {isa = PBXBuildFile; fileRef = OBJ_56 /* PKCS7Padding.swift */; };
		OBJ_171 /* Padding.swift in Sources */ = {isa = PBXBuildFile; fileRef = OBJ_57 /* Padding.swift */; };
		OBJ_172 /* Poly1305.swift in Sources */ = {isa = PBXBuildFile; fileRef = OBJ_58 /* Poly1305.swift */; };
		OBJ_173 /* Rabbit.swift in Sources */ = {isa = PBXBuildFile; fileRef = OBJ_59 /* Rabbit.swift */; };
		OBJ_174 /* RandomAccessCryptor.swift in Sources */ = {isa = PBXBuildFile; fileRef = OBJ_60 /* RandomAccessCryptor.swift */; };
		OBJ_175 /* RandomBytesSequence.swift in Sources */ = {isa = PBXBuildFile; fileRef = OBJ_61 /* RandomBytesSequence.swift */; };
		OBJ_176 /* SHA1.swift in Sources */ = {isa = PBXBuildFile; fileRef = OBJ_62 /* SHA1.swift */; };
		OBJ_177 /* SHA2.swift in Sources */ = {isa = PBXBuildFile; fileRef = OBJ_63 /* SHA2.swift */; };
		OBJ_178 /* SHA3.swift in Sources */ = {isa = PBXBuildFile; fileRef = OBJ_64 /* SHA3.swift */; };
		OBJ_179 /* SecureBytes.swift in Sources */ = {isa = PBXBuildFile; fileRef = OBJ_65 /* SecureBytes.swift */; };
		OBJ_180 /* String+Extension.swift in Sources */ = {isa = PBXBuildFile; fileRef = OBJ_66 /* String+Extension.swift */; };
		OBJ_181 /* UInt16+Extension.swift in Sources */ = {isa = PBXBuildFile; fileRef = OBJ_67 /* UInt16+Extension.swift */; };
		OBJ_182 /* UInt32+Extension.swift in Sources */ = {isa = PBXBuildFile; fileRef = OBJ_68 /* UInt32+Extension.swift */; };
		OBJ_183 /* UInt64+Extension.swift in Sources */ = {isa = PBXBuildFile; fileRef = OBJ_69 /* UInt64+Extension.swift */; };
		OBJ_184 /* UInt8+Extension.swift in Sources */ = {isa = PBXBuildFile; fileRef = OBJ_70 /* UInt8+Extension.swift */; };
		OBJ_185 /* Updatable.swift in Sources */ = {isa = PBXBuildFile; fileRef = OBJ_71 /* Updatable.swift */; };
		OBJ_186 /* Utils.swift in Sources */ = {isa = PBXBuildFile; fileRef = OBJ_72 /* Utils.swift */; };
		OBJ_187 /* ZeroPadding.swift in Sources */ = {isa = PBXBuildFile; fileRef = OBJ_73 /* ZeroPadding.swift */; };
		OBJ_99 /* Package.swift in Sources */ = {isa = PBXBuildFile; fileRef = OBJ_6 /* Package.swift */; };
/* End PBXBuildFile section */

/* Begin PBXContainerItemProxy section */
		9645487A1F899EA00084EA63 /* PBXContainerItemProxy */ = {
			isa = PBXContainerItemProxy;
			containerPortal = OBJ_1 /* Project object */;
			proxyType = 1;
			remoteGlobalIDString = "CryptoSwift::CryptoSwift";
			remoteInfo = CryptoSwift;
		};
		9645487B1F899EA00084EA63 /* PBXContainerItemProxy */ = {
			isa = PBXContainerItemProxy;
			containerPortal = OBJ_1 /* Project object */;
			proxyType = 1;
			remoteGlobalIDString = "CryptoSwift::CryptoSwiftTests";
			remoteInfo = CryptoSwiftTests;
		};
/* End PBXContainerItemProxy section */

/* Begin PBXFileReference section */
		"CryptoSwift::CryptoSwift::Product" /* CryptoSwift.framework */ = {isa = PBXFileReference; explicitFileType = wrapper.framework; path = CryptoSwift.framework; sourceTree = BUILT_PRODUCTS_DIR; };
		"CryptoSwift::CryptoSwiftTests::Product" /* CryptoSwiftTests.xctest */ = {isa = PBXFileReference; lastKnownFileType = file; path = CryptoSwiftTests.xctest; sourceTree = BUILT_PRODUCTS_DIR; };
		OBJ_10 /* Array+Extension.swift */ = {isa = PBXFileReference; lastKnownFileType = sourcecode.swift; path = "Array+Extension.swift"; sourceTree = "<group>"; };
		OBJ_11 /* Array+Extensions.swift */ = {isa = PBXFileReference; lastKnownFileType = sourcecode.swift; path = "Array+Extensions.swift"; sourceTree = "<group>"; };
		OBJ_12 /* Authenticator.swift */ = {isa = PBXFileReference; lastKnownFileType = sourcecode.swift; path = Authenticator.swift; sourceTree = "<group>"; };
		OBJ_13 /* BatchedCollection.swift */ = {isa = PBXFileReference; lastKnownFileType = sourcecode.swift; path = BatchedCollection.swift; sourceTree = "<group>"; };
		OBJ_14 /* Bit.swift */ = {isa = PBXFileReference; lastKnownFileType = sourcecode.swift; path = Bit.swift; sourceTree = "<group>"; };
		OBJ_15 /* BlockCipher.swift */ = {isa = PBXFileReference; lastKnownFileType = sourcecode.swift; path = BlockCipher.swift; sourceTree = "<group>"; };
		OBJ_17 /* BlockMode.swift */ = {isa = PBXFileReference; lastKnownFileType = sourcecode.swift; path = BlockMode.swift; sourceTree = "<group>"; };
		OBJ_18 /* BlockModeOptions.swift */ = {isa = PBXFileReference; lastKnownFileType = sourcecode.swift; path = BlockModeOptions.swift; sourceTree = "<group>"; };
		OBJ_19 /* BlockModeWorker.swift */ = {isa = PBXFileReference; lastKnownFileType = sourcecode.swift; path = BlockModeWorker.swift; sourceTree = "<group>"; };
		OBJ_20 /* CBC.swift */ = {isa = PBXFileReference; lastKnownFileType = sourcecode.swift; path = CBC.swift; sourceTree = "<group>"; };
		OBJ_21 /* CFB.swift */ = {isa = PBXFileReference; lastKnownFileType = sourcecode.swift; path = CFB.swift; sourceTree = "<group>"; };
		OBJ_22 /* CTR.swift */ = {isa = PBXFileReference; lastKnownFileType = sourcecode.swift; path = CTR.swift; sourceTree = "<group>"; };
		OBJ_23 /* ECB.swift */ = {isa = PBXFileReference; lastKnownFileType = sourcecode.swift; path = ECB.swift; sourceTree = "<group>"; };
		OBJ_24 /* OFB.swift */ = {isa = PBXFileReference; lastKnownFileType = sourcecode.swift; path = OFB.swift; sourceTree = "<group>"; };
		OBJ_25 /* PCBC.swift */ = {isa = PBXFileReference; lastKnownFileType = sourcecode.swift; path = PCBC.swift; sourceTree = "<group>"; };
		OBJ_26 /* RandomAccessBlockModeWorker.swift */ = {isa = PBXFileReference; lastKnownFileType = sourcecode.swift; path = RandomAccessBlockModeWorker.swift; sourceTree = "<group>"; };
		OBJ_27 /* Blowfish.swift */ = {isa = PBXFileReference; lastKnownFileType = sourcecode.swift; path = Blowfish.swift; sourceTree = "<group>"; };
		OBJ_28 /* ChaCha20.swift */ = {isa = PBXFileReference; lastKnownFileType = sourcecode.swift; path = ChaCha20.swift; sourceTree = "<group>"; };
		OBJ_29 /* Checksum.swift */ = {isa = PBXFileReference; lastKnownFileType = sourcecode.swift; path = Checksum.swift; sourceTree = "<group>"; };
		OBJ_30 /* Cipher.swift */ = {isa = PBXFileReference; lastKnownFileType = sourcecode.swift; path = Cipher.swift; sourceTree = "<group>"; };
		OBJ_31 /* Collection+Extension.swift */ = {isa = PBXFileReference; lastKnownFileType = sourcecode.swift; path = "Collection+Extension.swift"; sourceTree = "<group>"; };
		OBJ_32 /* Cryptors.swift */ = {isa = PBXFileReference; lastKnownFileType = sourcecode.swift; path = Cryptors.swift; sourceTree = "<group>"; };
		OBJ_33 /* Digest.swift */ = {isa = PBXFileReference; lastKnownFileType = sourcecode.swift; path = Digest.swift; sourceTree = "<group>"; };
		OBJ_34 /* DigestType.swift */ = {isa = PBXFileReference; lastKnownFileType = sourcecode.swift; path = DigestType.swift; sourceTree = "<group>"; };
		OBJ_36 /* AES+Foundation.swift */ = {isa = PBXFileReference; lastKnownFileType = sourcecode.swift; path = "AES+Foundation.swift"; sourceTree = "<group>"; };
		OBJ_37 /* Array+Foundation.swift */ = {isa = PBXFileReference; lastKnownFileType = sourcecode.swift; path = "Array+Foundation.swift"; sourceTree = "<group>"; };
		OBJ_38 /* Blowfish+Foundation.swift */ = {isa = PBXFileReference; lastKnownFileType = sourcecode.swift; path = "Blowfish+Foundation.swift"; sourceTree = "<group>"; };
		OBJ_39 /* ChaCha20+Foundation.swift */ = {isa = PBXFileReference; lastKnownFileType = sourcecode.swift; path = "ChaCha20+Foundation.swift"; sourceTree = "<group>"; };
		OBJ_40 /* Data+Extension.swift */ = {isa = PBXFileReference; lastKnownFileType = sourcecode.swift; path = "Data+Extension.swift"; sourceTree = "<group>"; };
		OBJ_41 /* HMAC+Foundation.swift */ = {isa = PBXFileReference; lastKnownFileType = sourcecode.swift; path = "HMAC+Foundation.swift"; sourceTree = "<group>"; };
		OBJ_42 /* Rabbit+Foundation.swift */ = {isa = PBXFileReference; lastKnownFileType = sourcecode.swift; path = "Rabbit+Foundation.swift"; sourceTree = "<group>"; };
		OBJ_43 /* String+FoundationExtension.swift */ = {isa = PBXFileReference; lastKnownFileType = sourcecode.swift; path = "String+FoundationExtension.swift"; sourceTree = "<group>"; };
		OBJ_44 /* Utils+Foundation.swift */ = {isa = PBXFileReference; lastKnownFileType = sourcecode.swift; path = "Utils+Foundation.swift"; sourceTree = "<group>"; };
		OBJ_45 /* Generics.swift */ = {isa = PBXFileReference; lastKnownFileType = sourcecode.swift; path = Generics.swift; sourceTree = "<group>"; };
		OBJ_46 /* HMAC.swift */ = {isa = PBXFileReference; lastKnownFileType = sourcecode.swift; path = HMAC.swift; sourceTree = "<group>"; };
		OBJ_47 /* Int+Extension.swift */ = {isa = PBXFileReference; lastKnownFileType = sourcecode.swift; path = "Int+Extension.swift"; sourceTree = "<group>"; };
		OBJ_48 /* MD5.swift */ = {isa = PBXFileReference; lastKnownFileType = sourcecode.swift; path = MD5.swift; sourceTree = "<group>"; };
		OBJ_49 /* NoPadding.swift */ = {isa = PBXFileReference; lastKnownFileType = sourcecode.swift; path = NoPadding.swift; sourceTree = "<group>"; };
		OBJ_50 /* Operators.swift */ = {isa = PBXFileReference; lastKnownFileType = sourcecode.swift; path = Operators.swift; sourceTree = "<group>"; };
		OBJ_52 /* PBKDF1.swift */ = {isa = PBXFileReference; lastKnownFileType = sourcecode.swift; path = PBKDF1.swift; sourceTree = "<group>"; };
		OBJ_53 /* PBKDF2.swift */ = {isa = PBXFileReference; lastKnownFileType = sourcecode.swift; path = PBKDF2.swift; sourceTree = "<group>"; };
		OBJ_54 /* PKCS5.swift */ = {isa = PBXFileReference; lastKnownFileType = sourcecode.swift; path = PKCS5.swift; sourceTree = "<group>"; };
		OBJ_55 /* PKCS7.swift */ = {isa = PBXFileReference; lastKnownFileType = sourcecode.swift; path = PKCS7.swift; sourceTree = "<group>"; };
		OBJ_56 /* PKCS7Padding.swift */ = {isa = PBXFileReference; lastKnownFileType = sourcecode.swift; path = PKCS7Padding.swift; sourceTree = "<group>"; };
		OBJ_57 /* Padding.swift */ = {isa = PBXFileReference; lastKnownFileType = sourcecode.swift; path = Padding.swift; sourceTree = "<group>"; };
		OBJ_58 /* Poly1305.swift */ = {isa = PBXFileReference; lastKnownFileType = sourcecode.swift; path = Poly1305.swift; sourceTree = "<group>"; };
		OBJ_59 /* Rabbit.swift */ = {isa = PBXFileReference; lastKnownFileType = sourcecode.swift; path = Rabbit.swift; sourceTree = "<group>"; };
		OBJ_6 /* Package.swift */ = {isa = PBXFileReference; explicitFileType = sourcecode.swift; path = Package.swift; sourceTree = "<group>"; };
		OBJ_60 /* RandomAccessCryptor.swift */ = {isa = PBXFileReference; lastKnownFileType = sourcecode.swift; path = RandomAccessCryptor.swift; sourceTree = "<group>"; };
		OBJ_61 /* RandomBytesSequence.swift */ = {isa = PBXFileReference; lastKnownFileType = sourcecode.swift; path = RandomBytesSequence.swift; sourceTree = "<group>"; };
		OBJ_62 /* SHA1.swift */ = {isa = PBXFileReference; lastKnownFileType = sourcecode.swift; path = SHA1.swift; sourceTree = "<group>"; };
		OBJ_63 /* SHA2.swift */ = {isa = PBXFileReference; lastKnownFileType = sourcecode.swift; path = SHA2.swift; sourceTree = "<group>"; };
		OBJ_64 /* SHA3.swift */ = {isa = PBXFileReference; lastKnownFileType = sourcecode.swift; path = SHA3.swift; sourceTree = "<group>"; };
		OBJ_65 /* SecureBytes.swift */ = {isa = PBXFileReference; lastKnownFileType = sourcecode.swift; path = SecureBytes.swift; sourceTree = "<group>"; };
		OBJ_66 /* String+Extension.swift */ = {isa = PBXFileReference; lastKnownFileType = sourcecode.swift; path = "String+Extension.swift"; sourceTree = "<group>"; };
		OBJ_67 /* UInt16+Extension.swift */ = {isa = PBXFileReference; lastKnownFileType = sourcecode.swift; path = "UInt16+Extension.swift"; sourceTree = "<group>"; };
		OBJ_68 /* UInt32+Extension.swift */ = {isa = PBXFileReference; lastKnownFileType = sourcecode.swift; path = "UInt32+Extension.swift"; sourceTree = "<group>"; };
		OBJ_69 /* UInt64+Extension.swift */ = {isa = PBXFileReference; lastKnownFileType = sourcecode.swift; path = "UInt64+Extension.swift"; sourceTree = "<group>"; };
		OBJ_70 /* UInt8+Extension.swift */ = {isa = PBXFileReference; lastKnownFileType = sourcecode.swift; path = "UInt8+Extension.swift"; sourceTree = "<group>"; };
		OBJ_71 /* Updatable.swift */ = {isa = PBXFileReference; lastKnownFileType = sourcecode.swift; path = Updatable.swift; sourceTree = "<group>"; };
		OBJ_72 /* Utils.swift */ = {isa = PBXFileReference; lastKnownFileType = sourcecode.swift; path = Utils.swift; sourceTree = "<group>"; };
		OBJ_73 /* ZeroPadding.swift */ = {isa = PBXFileReference; lastKnownFileType = sourcecode.swift; path = ZeroPadding.swift; sourceTree = "<group>"; };
		OBJ_76 /* AESTests.swift */ = {isa = PBXFileReference; lastKnownFileType = sourcecode.swift; path = AESTests.swift; sourceTree = "<group>"; };
		OBJ_77 /* Access.swift */ = {isa = PBXFileReference; lastKnownFileType = sourcecode.swift; path = Access.swift; sourceTree = "<group>"; };
		OBJ_78 /* BlowfishTests.swift */ = {isa = PBXFileReference; lastKnownFileType = sourcecode.swift; path = BlowfishTests.swift; sourceTree = "<group>"; };
		OBJ_79 /* ChaCha20Tests.swift */ = {isa = PBXFileReference; lastKnownFileType = sourcecode.swift; path = ChaCha20Tests.swift; sourceTree = "<group>"; };
		OBJ_80 /* DigestTests.swift */ = {isa = PBXFileReference; lastKnownFileType = sourcecode.swift; path = DigestTests.swift; sourceTree = "<group>"; };
		OBJ_81 /* Error+Extension.swift */ = {isa = PBXFileReference; lastKnownFileType = sourcecode.swift; path = "Error+Extension.swift"; sourceTree = "<group>"; };
		OBJ_82 /* ExtensionsTest.swift */ = {isa = PBXFileReference; lastKnownFileType = sourcecode.swift; path = ExtensionsTest.swift; sourceTree = "<group>"; };
		OBJ_83 /* HMACTests.swift */ = {isa = PBXFileReference; lastKnownFileType = sourcecode.swift; path = HMACTests.swift; sourceTree = "<group>"; };
		OBJ_84 /* PBKDF.swift */ = {isa = PBXFileReference; lastKnownFileType = sourcecode.swift; path = PBKDF.swift; sourceTree = "<group>"; };
		OBJ_85 /* PaddingTests.swift */ = {isa = PBXFileReference; lastKnownFileType = sourcecode.swift; path = PaddingTests.swift; sourceTree = "<group>"; };
		OBJ_86 /* Poly1305Tests.swift */ = {isa = PBXFileReference; lastKnownFileType = sourcecode.swift; path = Poly1305Tests.swift; sourceTree = "<group>"; };
		OBJ_87 /* RabbitTests.swift */ = {isa = PBXFileReference; lastKnownFileType = sourcecode.swift; path = RabbitTests.swift; sourceTree = "<group>"; };
		OBJ_88 /* RandomBytesSequenceTests.swift */ = {isa = PBXFileReference; lastKnownFileType = sourcecode.swift; path = RandomBytesSequenceTests.swift; sourceTree = "<group>"; };
		OBJ_89 /* CryptoSwift.xcworkspace */ = {isa = PBXFileReference; lastKnownFileType = wrapper.workspace; path = CryptoSwift.xcworkspace; sourceTree = SOURCE_ROOT; };
		OBJ_9 /* AES.swift */ = {isa = PBXFileReference; lastKnownFileType = sourcecode.swift; path = AES.swift; sourceTree = "<group>"; };
		OBJ_90 /* scripts */ = {isa = PBXFileReference; lastKnownFileType = folder; path = scripts; sourceTree = SOURCE_ROOT; };
/* End PBXFileReference section */

/* Begin PBXFrameworksBuildPhase section */
		OBJ_118 /* Frameworks */ = {
			isa = PBXFrameworksBuildPhase;
			buildActionMask = 0;
			files = (
				OBJ_119 /* CryptoSwift.framework in Frameworks */,
			);
			runOnlyForDeploymentPostprocessing = 0;
		};
		OBJ_188 /* Frameworks */ = {
			isa = PBXFrameworksBuildPhase;
			buildActionMask = 0;
			files = (
			);
			runOnlyForDeploymentPostprocessing = 0;
		};
/* End PBXFrameworksBuildPhase section */

/* Begin PBXGroup section */
		OBJ_16 /* BlockMode */ = {
			isa = PBXGroup;
			children = (
				OBJ_17 /* BlockMode.swift */,
				OBJ_18 /* BlockModeOptions.swift */,
				OBJ_19 /* BlockModeWorker.swift */,
				OBJ_20 /* CBC.swift */,
				OBJ_21 /* CFB.swift */,
				OBJ_22 /* CTR.swift */,
				OBJ_23 /* ECB.swift */,
				OBJ_24 /* OFB.swift */,
				OBJ_25 /* PCBC.swift */,
				OBJ_26 /* RandomAccessBlockModeWorker.swift */,
			);
			path = BlockMode;
			sourceTree = "<group>";
		};
		OBJ_35 /* Foundation */ = {
			isa = PBXGroup;
			children = (
				OBJ_36 /* AES+Foundation.swift */,
				OBJ_37 /* Array+Foundation.swift */,
				OBJ_38 /* Blowfish+Foundation.swift */,
				OBJ_39 /* ChaCha20+Foundation.swift */,
				OBJ_40 /* Data+Extension.swift */,
				OBJ_41 /* HMAC+Foundation.swift */,
				OBJ_42 /* Rabbit+Foundation.swift */,
				OBJ_43 /* String+FoundationExtension.swift */,
				OBJ_44 /* Utils+Foundation.swift */,
			);
			path = Foundation;
			sourceTree = "<group>";
		};
		OBJ_5 /*  */ = {
			isa = PBXGroup;
			children = (
				OBJ_6 /* Package.swift */,
				OBJ_7 /* Sources */,
				OBJ_74 /* Tests */,
				OBJ_89 /* CryptoSwift.xcworkspace */,
				OBJ_90 /* scripts */,
				OBJ_91 /* Products */,
			);
			name = "";
			sourceTree = "<group>";
		};
		OBJ_51 /* PKCS */ = {
			isa = PBXGroup;
			children = (
				OBJ_52 /* PBKDF1.swift */,
				OBJ_53 /* PBKDF2.swift */,
				OBJ_54 /* PKCS5.swift */,
				OBJ_55 /* PKCS7.swift */,
				OBJ_56 /* PKCS7Padding.swift */,
			);
			path = PKCS;
			sourceTree = "<group>";
		};
		OBJ_7 /* Sources */ = {
			isa = PBXGroup;
			children = (
				OBJ_8 /* CryptoSwift */,
			);
			name = Sources;
			sourceTree = SOURCE_ROOT;
		};
		OBJ_74 /* Tests */ = {
			isa = PBXGroup;
			children = (
				OBJ_75 /* CryptoSwiftTests */,
			);
			name = Tests;
			sourceTree = SOURCE_ROOT;
		};
		OBJ_75 /* CryptoSwiftTests */ = {
			isa = PBXGroup;
			children = (
				OBJ_76 /* AESTests.swift */,
				OBJ_77 /* Access.swift */,
				OBJ_78 /* BlowfishTests.swift */,
				OBJ_79 /* ChaCha20Tests.swift */,
				OBJ_80 /* DigestTests.swift */,
				OBJ_81 /* Error+Extension.swift */,
				OBJ_82 /* ExtensionsTest.swift */,
				OBJ_83 /* HMACTests.swift */,
				OBJ_84 /* PBKDF.swift */,
				OBJ_85 /* PaddingTests.swift */,
				OBJ_86 /* Poly1305Tests.swift */,
				OBJ_87 /* RabbitTests.swift */,
				OBJ_88 /* RandomBytesSequenceTests.swift */,
			);
			name = CryptoSwiftTests;
			path = Tests/CryptoSwiftTests;
			sourceTree = SOURCE_ROOT;
		};
		OBJ_8 /* CryptoSwift */ = {
			isa = PBXGroup;
			children = (
				OBJ_9 /* AES.swift */,
				OBJ_10 /* Array+Extension.swift */,
				OBJ_11 /* Array+Extensions.swift */,
				OBJ_12 /* Authenticator.swift */,
				OBJ_13 /* BatchedCollection.swift */,
				OBJ_14 /* Bit.swift */,
				OBJ_15 /* BlockCipher.swift */,
				OBJ_16 /* BlockMode */,
				OBJ_27 /* Blowfish.swift */,
				OBJ_28 /* ChaCha20.swift */,
				OBJ_29 /* Checksum.swift */,
				OBJ_30 /* Cipher.swift */,
				OBJ_31 /* Collection+Extension.swift */,
				OBJ_32 /* Cryptors.swift */,
				OBJ_33 /* Digest.swift */,
				OBJ_34 /* DigestType.swift */,
				OBJ_35 /* Foundation */,
				OBJ_45 /* Generics.swift */,
				OBJ_46 /* HMAC.swift */,
				OBJ_47 /* Int+Extension.swift */,
				OBJ_48 /* MD5.swift */,
				OBJ_49 /* NoPadding.swift */,
				OBJ_50 /* Operators.swift */,
				OBJ_51 /* PKCS */,
				OBJ_57 /* Padding.swift */,
				OBJ_58 /* Poly1305.swift */,
				OBJ_59 /* Rabbit.swift */,
				OBJ_60 /* RandomAccessCryptor.swift */,
				OBJ_61 /* RandomBytesSequence.swift */,
				OBJ_62 /* SHA1.swift */,
				OBJ_63 /* SHA2.swift */,
				OBJ_64 /* SHA3.swift */,
				OBJ_65 /* SecureBytes.swift */,
				OBJ_66 /* String+Extension.swift */,
				OBJ_67 /* UInt16+Extension.swift */,
				OBJ_68 /* UInt32+Extension.swift */,
				OBJ_69 /* UInt64+Extension.swift */,
				OBJ_70 /* UInt8+Extension.swift */,
				OBJ_71 /* Updatable.swift */,
				OBJ_72 /* Utils.swift */,
				OBJ_73 /* ZeroPadding.swift */,
			);
			name = CryptoSwift;
			path = Sources/CryptoSwift;
			sourceTree = SOURCE_ROOT;
		};
		OBJ_91 /* Products */ = {
			isa = PBXGroup;
			children = (
				"CryptoSwift::CryptoSwiftTests::Product" /* CryptoSwiftTests.xctest */,
				"CryptoSwift::CryptoSwift::Product" /* CryptoSwift.framework */,
			);
			name = Products;
			sourceTree = BUILT_PRODUCTS_DIR;
		};
/* End PBXGroup section */

/* Begin PBXNativeTarget section */
		"CryptoSwift::CryptoSwift" /* CryptoSwift */ = {
			isa = PBXNativeTarget;
			buildConfigurationList = OBJ_122 /* Build configuration list for PBXNativeTarget "CryptoSwift" */;
			buildPhases = (
				OBJ_125 /* Sources */,
				OBJ_188 /* Frameworks */,
			);
			buildRules = (
			);
			dependencies = (
			);
			name = CryptoSwift;
			productName = CryptoSwift;
			productReference = "CryptoSwift::CryptoSwift::Product" /* CryptoSwift.framework */;
			productType = "com.apple.product-type.framework";
		};
		"CryptoSwift::CryptoSwiftTests" /* CryptoSwiftTests */ = {
			isa = PBXNativeTarget;
			buildConfigurationList = OBJ_101 /* Build configuration list for PBXNativeTarget "CryptoSwiftTests" */;
			buildPhases = (
				OBJ_104 /* Sources */,
				OBJ_118 /* Frameworks */,
			);
			buildRules = (
			);
			dependencies = (
				OBJ_120 /* PBXTargetDependency */,
			);
			name = CryptoSwiftTests;
			productName = CryptoSwiftTests;
			productReference = "CryptoSwift::CryptoSwiftTests::Product" /* CryptoSwiftTests.xctest */;
			productType = "com.apple.product-type.bundle.unit-test";
		};
		"CryptoSwift::SwiftPMPackageDescription" /* CryptoSwiftPackageDescription */ = {
			isa = PBXNativeTarget;
			buildConfigurationList = OBJ_95 /* Build configuration list for PBXNativeTarget "CryptoSwiftPackageDescription" */;
			buildPhases = (
				OBJ_98 /* Sources */,
			);
			buildRules = (
			);
			dependencies = (
			);
			name = CryptoSwiftPackageDescription;
			productName = CryptoSwiftPackageDescription;
			productType = "com.apple.product-type.framework";
		};
/* End PBXNativeTarget section */

/* Begin PBXProject section */
		OBJ_1 /* Project object */ = {
			isa = PBXProject;
			attributes = {
				LastUpgradeCheck = 9999;
			};
			buildConfigurationList = OBJ_2 /* Build configuration list for PBXProject "CryptoSwift" */;
			compatibilityVersion = "Xcode 3.2";
			developmentRegion = English;
			hasScannedForEncodings = 0;
			knownRegions = (
				en,
			);
			mainGroup = OBJ_5 /*  */;
			productRefGroup = OBJ_91 /* Products */;
			projectDirPath = "";
			projectRoot = "";
			targets = (
				"CryptoSwift::SwiftPMPackageDescription" /* CryptoSwiftPackageDescription */,
				"CryptoSwift::CryptoSwiftTests" /* CryptoSwiftTests */,
				"CryptoSwift::CryptoSwift" /* CryptoSwift */,
				"CryptoSwift::CryptoSwiftPackageTests::ProductTarget" /* CryptoSwiftPackageTests */,
			);
		};
/* End PBXProject section */

/* Begin PBXSourcesBuildPhase section */
		OBJ_104 /* Sources */ = {
			isa = PBXSourcesBuildPhase;
			buildActionMask = 0;
			files = (
				OBJ_105 /* AESTests.swift in Sources */,
				OBJ_106 /* Access.swift in Sources */,
				OBJ_107 /* BlowfishTests.swift in Sources */,
				OBJ_108 /* ChaCha20Tests.swift in Sources */,
				OBJ_109 /* DigestTests.swift in Sources */,
				OBJ_110 /* Error+Extension.swift in Sources */,
				OBJ_111 /* ExtensionsTest.swift in Sources */,
				OBJ_112 /* HMACTests.swift in Sources */,
				OBJ_113 /* PBKDF.swift in Sources */,
				OBJ_114 /* PaddingTests.swift in Sources */,
				OBJ_115 /* Poly1305Tests.swift in Sources */,
				OBJ_116 /* RabbitTests.swift in Sources */,
				OBJ_117 /* RandomBytesSequenceTests.swift in Sources */,
			);
			runOnlyForDeploymentPostprocessing = 0;
		};
		OBJ_125 /* Sources */ = {
			isa = PBXSourcesBuildPhase;
			buildActionMask = 0;
			files = (
				OBJ_126 /* AES.swift in Sources */,
				OBJ_127 /* Array+Extension.swift in Sources */,
				OBJ_128 /* Array+Extensions.swift in Sources */,
				OBJ_129 /* Authenticator.swift in Sources */,
				OBJ_130 /* BatchedCollection.swift in Sources */,
				OBJ_131 /* Bit.swift in Sources */,
				OBJ_132 /* BlockCipher.swift in Sources */,
				OBJ_133 /* BlockMode.swift in Sources */,
				OBJ_134 /* BlockModeOptions.swift in Sources */,
				OBJ_135 /* BlockModeWorker.swift in Sources */,
				OBJ_136 /* CBC.swift in Sources */,
				OBJ_137 /* CFB.swift in Sources */,
				OBJ_138 /* CTR.swift in Sources */,
				OBJ_139 /* ECB.swift in Sources */,
				OBJ_140 /* OFB.swift in Sources */,
				OBJ_141 /* PCBC.swift in Sources */,
				OBJ_142 /* RandomAccessBlockModeWorker.swift in Sources */,
				OBJ_143 /* Blowfish.swift in Sources */,
				OBJ_144 /* ChaCha20.swift in Sources */,
				OBJ_145 /* Checksum.swift in Sources */,
				OBJ_146 /* Cipher.swift in Sources */,
				OBJ_147 /* Collection+Extension.swift in Sources */,
				OBJ_148 /* Cryptors.swift in Sources */,
				OBJ_149 /* Digest.swift in Sources */,
				OBJ_150 /* DigestType.swift in Sources */,
				OBJ_151 /* AES+Foundation.swift in Sources */,
				OBJ_152 /* Array+Foundation.swift in Sources */,
				OBJ_153 /* Blowfish+Foundation.swift in Sources */,
				OBJ_154 /* ChaCha20+Foundation.swift in Sources */,
				OBJ_155 /* Data+Extension.swift in Sources */,
				OBJ_156 /* HMAC+Foundation.swift in Sources */,
				OBJ_157 /* Rabbit+Foundation.swift in Sources */,
				OBJ_158 /* String+FoundationExtension.swift in Sources */,
				OBJ_159 /* Utils+Foundation.swift in Sources */,
				OBJ_160 /* Generics.swift in Sources */,
				OBJ_161 /* HMAC.swift in Sources */,
				OBJ_162 /* Int+Extension.swift in Sources */,
				OBJ_163 /* MD5.swift in Sources */,
				OBJ_164 /* NoPadding.swift in Sources */,
				OBJ_165 /* Operators.swift in Sources */,
				OBJ_166 /* PBKDF1.swift in Sources */,
				OBJ_167 /* PBKDF2.swift in Sources */,
				OBJ_168 /* PKCS5.swift in Sources */,
				OBJ_169 /* PKCS7.swift in Sources */,
				OBJ_170 /* PKCS7Padding.swift in Sources */,
				OBJ_171 /* Padding.swift in Sources */,
				OBJ_172 /* Poly1305.swift in Sources */,
				OBJ_173 /* Rabbit.swift in Sources */,
				OBJ_174 /* RandomAccessCryptor.swift in Sources */,
				OBJ_175 /* RandomBytesSequence.swift in Sources */,
				OBJ_176 /* SHA1.swift in Sources */,
				OBJ_177 /* SHA2.swift in Sources */,
				OBJ_178 /* SHA3.swift in Sources */,
				OBJ_179 /* SecureBytes.swift in Sources */,
				OBJ_180 /* String+Extension.swift in Sources */,
				OBJ_181 /* UInt16+Extension.swift in Sources */,
				OBJ_182 /* UInt32+Extension.swift in Sources */,
				OBJ_183 /* UInt64+Extension.swift in Sources */,
				OBJ_184 /* UInt8+Extension.swift in Sources */,
				OBJ_185 /* Updatable.swift in Sources */,
				OBJ_186 /* Utils.swift in Sources */,
				OBJ_187 /* ZeroPadding.swift in Sources */,
			);
			runOnlyForDeploymentPostprocessing = 0;
		};
		OBJ_98 /* Sources */ = {
			isa = PBXSourcesBuildPhase;
			buildActionMask = 0;
			files = (
				OBJ_99 /* Package.swift in Sources */,
			);
			runOnlyForDeploymentPostprocessing = 0;
		};
/* End PBXSourcesBuildPhase section */

/* Begin PBXTargetDependency section */
		OBJ_120 /* PBXTargetDependency */ = {
			isa = PBXTargetDependency;
			target = "CryptoSwift::CryptoSwift" /* CryptoSwift */;
			targetProxy = 9645487A1F899EA00084EA63 /* PBXContainerItemProxy */;
		};
		OBJ_193 /* PBXTargetDependency */ = {
			isa = PBXTargetDependency;
			target = "CryptoSwift::CryptoSwiftTests" /* CryptoSwiftTests */;
			targetProxy = 9645487B1F899EA00084EA63 /* PBXContainerItemProxy */;
		};
/* End PBXTargetDependency section */

/* Begin XCBuildConfiguration section */
		OBJ_102 /* Debug */ = {
			isa = XCBuildConfiguration;
			buildSettings = {
				EMBEDDED_CONTENT_CONTAINS_SWIFT = YES;
				FRAMEWORK_SEARCH_PATHS = (
					"$(inherited)",
					"$(PLATFORM_DIR)/Developer/Library/Frameworks",
				);
				HEADER_SEARCH_PATHS = "$(inherited)";
				INFOPLIST_FILE = CryptoSwift.xcodeproj/CryptoSwiftTests_Info.plist;
				LD_RUNPATH_SEARCH_PATHS = "@loader_path/../Frameworks @loader_path/Frameworks";
				OTHER_LDFLAGS = "$(inherited)";
				OTHER_SWIFT_FLAGS = "$(inherited)";
				SWIFT_VERSION = 4.0;
				TARGET_NAME = CryptoSwiftTests;
			};
			name = Debug;
		};
		OBJ_103 /* Release */ = {
			isa = XCBuildConfiguration;
			buildSettings = {
				EMBEDDED_CONTENT_CONTAINS_SWIFT = YES;
				FRAMEWORK_SEARCH_PATHS = (
					"$(inherited)",
					"$(PLATFORM_DIR)/Developer/Library/Frameworks",
				);
				HEADER_SEARCH_PATHS = "$(inherited)";
				INFOPLIST_FILE = CryptoSwift.xcodeproj/CryptoSwiftTests_Info.plist;
				LD_RUNPATH_SEARCH_PATHS = "@loader_path/../Frameworks @loader_path/Frameworks";
				OTHER_LDFLAGS = "$(inherited)";
				OTHER_SWIFT_FLAGS = "$(inherited)";
				SWIFT_VERSION = 4.0;
				TARGET_NAME = CryptoSwiftTests;
			};
			name = Release;
		};
		OBJ_123 /* Debug */ = {
			isa = XCBuildConfiguration;
			buildSettings = {
				ENABLE_TESTABILITY = YES;
				FRAMEWORK_SEARCH_PATHS = (
					"$(inherited)",
					"$(PLATFORM_DIR)/Developer/Library/Frameworks",
				);
				HEADER_SEARCH_PATHS = "$(inherited)";
				INFOPLIST_FILE = CryptoSwift.xcodeproj/CryptoSwift_Info.plist;
				LD_RUNPATH_SEARCH_PATHS = "$(TOOLCHAIN_DIR)/usr/lib/swift/macosx";
				OTHER_LDFLAGS = "$(inherited)";
				OTHER_SWIFT_FLAGS = "$(inherited)";
				PRODUCT_BUNDLE_IDENTIFIER = CryptoSwift;
				PRODUCT_MODULE_NAME = "$(TARGET_NAME:c99extidentifier)";
				PRODUCT_NAME = "$(TARGET_NAME:c99extidentifier)";
				SKIP_INSTALL = YES;
				SWIFT_VERSION = 4.0;
				TARGET_NAME = CryptoSwift;
			};
			name = Debug;
		};
		OBJ_124 /* Release */ = {
			isa = XCBuildConfiguration;
			buildSettings = {
				ENABLE_TESTABILITY = YES;
				FRAMEWORK_SEARCH_PATHS = (
					"$(inherited)",
					"$(PLATFORM_DIR)/Developer/Library/Frameworks",
				);
				HEADER_SEARCH_PATHS = "$(inherited)";
				INFOPLIST_FILE = CryptoSwift.xcodeproj/CryptoSwift_Info.plist;
				LD_RUNPATH_SEARCH_PATHS = "$(TOOLCHAIN_DIR)/usr/lib/swift/macosx";
				OTHER_LDFLAGS = "$(inherited)";
				OTHER_SWIFT_FLAGS = "$(inherited)";
				PRODUCT_BUNDLE_IDENTIFIER = CryptoSwift;
				PRODUCT_MODULE_NAME = "$(TARGET_NAME:c99extidentifier)";
				PRODUCT_NAME = "$(TARGET_NAME:c99extidentifier)";
				SKIP_INSTALL = YES;
				SWIFT_VERSION = 4.0;
				TARGET_NAME = CryptoSwift;
			};
			name = Release;
		};
		OBJ_191 /* Debug */ = {
			isa = XCBuildConfiguration;
			buildSettings = {
			};
			name = Debug;
		};
		OBJ_192 /* Release */ = {
			isa = XCBuildConfiguration;
			buildSettings = {
			};
			name = Release;
		};
		OBJ_3 /* Debug */ = {
			isa = XCBuildConfiguration;
			buildSettings = {
				CLANG_ENABLE_OBJC_ARC = YES;
				COMBINE_HIDPI_IMAGES = YES;
				COPY_PHASE_STRIP = NO;
				DEBUG_INFORMATION_FORMAT = dwarf;
				DYLIB_INSTALL_NAME_BASE = "@rpath";
				ENABLE_NS_ASSERTIONS = YES;
				GCC_OPTIMIZATION_LEVEL = 0;
				MACOSX_DEPLOYMENT_TARGET = 10.10;
				ONLY_ACTIVE_ARCH = YES;
				OTHER_SWIFT_FLAGS = "-DXcode";
				PRODUCT_NAME = "$(TARGET_NAME)";
				SDKROOT = macosx;
				SUPPORTED_PLATFORMS = "macosx iphoneos iphonesimulator appletvos appletvsimulator watchos watchsimulator";
				SWIFT_ACTIVE_COMPILATION_CONDITIONS = SWIFT_PACKAGE;
				SWIFT_OPTIMIZATION_LEVEL = "-Onone";
				USE_HEADERMAP = NO;
			};
			name = Debug;
		};
		OBJ_4 /* Release */ = {
			isa = XCBuildConfiguration;
			buildSettings = {
				CLANG_ENABLE_OBJC_ARC = YES;
				COMBINE_HIDPI_IMAGES = YES;
				COPY_PHASE_STRIP = YES;
				DEBUG_INFORMATION_FORMAT = "dwarf-with-dsym";
				DYLIB_INSTALL_NAME_BASE = "@rpath";
				GCC_OPTIMIZATION_LEVEL = s;
				MACOSX_DEPLOYMENT_TARGET = 10.10;
				OTHER_SWIFT_FLAGS = "-DXcode";
				PRODUCT_NAME = "$(TARGET_NAME)";
				SDKROOT = macosx;
				SUPPORTED_PLATFORMS = "macosx iphoneos iphonesimulator appletvos appletvsimulator watchos watchsimulator";
				SWIFT_ACTIVE_COMPILATION_CONDITIONS = SWIFT_PACKAGE;
				SWIFT_OPTIMIZATION_LEVEL = "-Owholemodule";
				USE_HEADERMAP = NO;
			};
			name = Release;
		};
		OBJ_96 /* Debug */ = {
			isa = XCBuildConfiguration;
			buildSettings = {
				LD = /usr/bin/true;
				OTHER_SWIFT_FLAGS = "-swift-version 4 -I /Applications/Xcode-beta.app/Contents/Developer/Toolchains/XcodeDefault.xctoolchain/usr/lib/swift/pm/4 -target x86_64-apple-macosx10.10 -sdk /Applications/Xcode-beta.app/Contents/Developer/Platforms/MacOSX.platform/Developer/SDKs/MacOSX10.13.sdk";
				SWIFT_VERSION = 4.0;
			};
			name = Debug;
		};
		OBJ_97 /* Release */ = {
			isa = XCBuildConfiguration;
			buildSettings = {
				LD = /usr/bin/true;
				OTHER_SWIFT_FLAGS = "-swift-version 4 -I /Applications/Xcode-beta.app/Contents/Developer/Toolchains/XcodeDefault.xctoolchain/usr/lib/swift/pm/4 -target x86_64-apple-macosx10.10 -sdk /Applications/Xcode-beta.app/Contents/Developer/Platforms/MacOSX.platform/Developer/SDKs/MacOSX10.13.sdk";
				SWIFT_VERSION = 4.0;
			};
			name = Release;
		};
/* End XCBuildConfiguration section */

/* Begin XCConfigurationList section */
		OBJ_101 /* Build configuration list for PBXNativeTarget "CryptoSwiftTests" */ = {
			isa = XCConfigurationList;
			buildConfigurations = (
				OBJ_102 /* Debug */,
				OBJ_103 /* Release */,
			);
			defaultConfigurationIsVisible = 0;
			defaultConfigurationName = Debug;
		};
		OBJ_122 /* Build configuration list for PBXNativeTarget "CryptoSwift" */ = {
			isa = XCConfigurationList;
			buildConfigurations = (
				OBJ_123 /* Debug */,
				OBJ_124 /* Release */,
			);
			defaultConfigurationIsVisible = 0;
			defaultConfigurationName = Debug;
		};
		OBJ_190 /* Build configuration list for PBXAggregateTarget "CryptoSwiftPackageTests" */ = {
			isa = XCConfigurationList;
			buildConfigurations = (
				OBJ_191 /* Debug */,
				OBJ_192 /* Release */,
			);
			defaultConfigurationIsVisible = 0;
			defaultConfigurationName = Debug;
		};
		OBJ_2 /* Build configuration list for PBXProject "CryptoSwift" */ = {
			isa = XCConfigurationList;
			buildConfigurations = (
				OBJ_3 /* Debug */,
				OBJ_4 /* Release */,
			);
			defaultConfigurationIsVisible = 0;
			defaultConfigurationName = Debug;
		};
		OBJ_95 /* Build configuration list for PBXNativeTarget "CryptoSwiftPackageDescription" */ = {
			isa = XCConfigurationList;
			buildConfigurations = (
				OBJ_96 /* Debug */,
				OBJ_97 /* Release */,
			);
			defaultConfigurationIsVisible = 0;
			defaultConfigurationName = Debug;
		};
/* End XCConfigurationList section */
	};
	rootObject = OBJ_1 /* Project object */;
}
